
Microsoft Visual Studio Solution File, Format Version 12.00
# Visual Studio Version 16
VisualStudioVersion = 16.0.29503.13
MinimumVisualStudioVersion = 10.0.40219.1
Project("{8BC9CEB8-8B4A-11D0-8D11-00A0C91BC942}") = "Calculator V2", "Calculator V2\Calculator V2.vcxproj", "{BAE09ABC-684B-4113-A4ED-F79E2007EF07}"
EndProject
Global
	GlobalSection(SolutionConfigurationPlatforms) = preSolution
		Debug|x64 = Debug|x64
		Debug|x86 = Debug|x86
		Release|x64 = Release|x64
		Release|x86 = Release|x86
	EndGlobalSection
	GlobalSection(ProjectConfigurationPlatforms) = postSolution
		{BAE09ABC-684B-4113-A4ED-F79E2007EF07}.Debug|x64.ActiveCfg = Debug|x64
		{BAE09ABC-684B-4113-A4ED-F79E2007EF07}.Debug|x64.Build.0 = Debug|x64
		{BAE09ABC-684B-4113-A4ED-F79E2007EF07}.Debug|x86.ActiveCfg = Debug|Win32
		{BAE09ABC-684B-4113-A4ED-F79E2007EF07}.Debug|x86.Build.0 = Debug|Win32
		{BAE09ABC-684B-4113-A4ED-F79E2007EF07}.Release|x64.ActiveCfg = Release|x64
		{BAE09ABC-684B-4113-A4ED-F79E2007EF07}.Release|x64.Build.0 = Release|x64
		{BAE09ABC-684B-4113-A4ED-F79E2007EF07}.Release|x86.ActiveCfg = Release|Win32
		{BAE09ABC-684B-4113-A4ED-F79E2007EF07}.Release|x86.Build.0 = Release|Win32
	EndGlobalSection
	GlobalSection(SolutionProperties) = preSolution
		HideSolutionNode = FALSE
	EndGlobalSection
	GlobalSection(ExtensibilityGlobals) = postSolution
		SolutionGuid = {D0BFF24C-2EF1-4833-B930-286EE02A543D}
	EndGlobalSection
EndGlobal
